// !$*UTF8*$!
{
	archiveVersion = 1;
	classes = {
	};
	objectVersion = 55;
	objects = {

/* Begin PBXBuildFile section */
		602250C528AFE618001C5FE6 /* HurryPizza_iOSApp.swift in Sources */ = {isa = PBXBuildFile; fileRef = 602250C428AFE618001C5FE6 /* HurryPizza_iOSApp.swift */; };
		602250C728AFE618001C5FE6 /* ContentView.swift in Sources */ = {isa = PBXBuildFile; fileRef = 602250C628AFE618001C5FE6 /* ContentView.swift */; };
		602250C928AFE619001C5FE6 /* Assets.xcassets in Resources */ = {isa = PBXBuildFile; fileRef = 602250C828AFE619001C5FE6 /* Assets.xcassets */; };
		602250CC28AFE619001C5FE6 /* Preview Assets.xcassets in Resources */ = {isa = PBXBuildFile; fileRef = 602250CB28AFE619001C5FE6 /* Preview Assets.xcassets */; };
		602250D628AFE619001C5FE6 /* HurryPizza_iOSTests.swift in Sources */ = {isa = PBXBuildFile; fileRef = 602250D528AFE619001C5FE6 /* HurryPizza_iOSTests.swift */; };
		602250E028AFE61A001C5FE6 /* HurryPizza_iOSUITests.swift in Sources */ = {isa = PBXBuildFile; fileRef = 602250DF28AFE61A001C5FE6 /* HurryPizza_iOSUITests.swift */; };
		602250E228AFE61A001C5FE6 /* HurryPizza_iOSUITestsLaunchTests.swift in Sources */ = {isa = PBXBuildFile; fileRef = 602250E128AFE61A001C5FE6 /* HurryPizza_iOSUITestsLaunchTests.swift */; };
		602250F128AFF106001C5FE6 /* Alamofire in Frameworks */ = {isa = PBXBuildFile; productRef = 602250F028AFF106001C5FE6 /* Alamofire */; };
		6031A5E228B016C30043104C /* AuthManager.swift in Sources */ = {isa = PBXBuildFile; fileRef = 6031A5E128B016C30043104C /* AuthManager.swift */; };
		6031A5E428B016DB0043104C /* RouteManager.swift in Sources */ = {isa = PBXBuildFile; fileRef = 6031A5E328B016DB0043104C /* RouteManager.swift */; };
		6031A5E628B016E20043104C /* RankManager.swift in Sources */ = {isa = PBXBuildFile; fileRef = 6031A5E528B016E20043104C /* RankManager.swift */; };
		6031A5EA28B019E40043104C /* Response.swift in Sources */ = {isa = PBXBuildFile; fileRef = 6031A5E928B019E40043104C /* Response.swift */; };
		6031A5F028B01A870043104C /* AuthResponse.swift in Sources */ = {isa = PBXBuildFile; fileRef = 6031A5EF28B01A870043104C /* AuthResponse.swift */; };
		6031A5F228B01AE80043104C /* AuthRequest.swift in Sources */ = {isa = PBXBuildFile; fileRef = 6031A5F128B01AE80043104C /* AuthRequest.swift */; };
		6031A5F628B01B2E0043104C /* SavePathRequest.swift in Sources */ = {isa = PBXBuildFile; fileRef = 6031A5F528B01B2E0043104C /* SavePathRequest.swift */; };
		6031A5FA28B01B8E0043104C /* SavePathResponse.swift in Sources */ = {isa = PBXBuildFile; fileRef = 6031A5F928B01B8E0043104C /* SavePathResponse.swift */; };
		6031A5FC28B01BC70043104C /* OtherUserPathRequest.swift in Sources */ = {isa = PBXBuildFile; fileRef = 6031A5FB28B01BC70043104C /* OtherUserPathRequest.swift */; };
		6031A5FE28B01C2A0043104C /* OtherUserPathResponse.swift in Sources */ = {isa = PBXBuildFile; fileRef = 6031A5FD28B01C2A0043104C /* OtherUserPathResponse.swift */; };
		6031A60428B06CA60043104C /* SigninView.swift in Sources */ = {isa = PBXBuildFile; fileRef = 6031A60328B06CA60043104C /* SigninView.swift */; };
		6031A60628B06CB80043104C /* SignupView.swift in Sources */ = {isa = PBXBuildFile; fileRef = 6031A60528B06CB80043104C /* SignupView.swift */; };
		6031A60928B06CC40043104C /* RankView.swift in Sources */ = {isa = PBXBuildFile; fileRef = 6031A60828B06CC40043104C /* RankView.swift */; };
		6031A60C28B06D280043104C /* ProfileView.swift in Sources */ = {isa = PBXBuildFile; fileRef = 6031A60B28B06D280043104C /* ProfileView.swift */; };
		6031A61028B06D5C0043104C /* SettingView.swift in Sources */ = {isa = PBXBuildFile; fileRef = 6031A60F28B06D5C0043104C /* SettingView.swift */; };
		6031A61228B06E3A0043104C /* SettingViewModel.swift in Sources */ = {isa = PBXBuildFile; fileRef = 6031A61128B06E3A0043104C /* SettingViewModel.swift */; };
		6031A61428B06E440043104C /* ProfileViewModel.swift in Sources */ = {isa = PBXBuildFile; fileRef = 6031A61328B06E440043104C /* ProfileViewModel.swift */; };
		6031A61628B06E4B0043104C /* RankViewModel.swift in Sources */ = {isa = PBXBuildFile; fileRef = 6031A61528B06E4B0043104C /* RankViewModel.swift */; };
		6031A61828B06E540043104C /* SigninViewModel.swift in Sources */ = {isa = PBXBuildFile; fileRef = 6031A61728B06E540043104C /* SigninViewModel.swift */; };
		6031A61A28B06E600043104C /* SignupViewModel.swift in Sources */ = {isa = PBXBuildFile; fileRef = 6031A61928B06E600043104C /* SignupViewModel.swift */; };
		6031A61D28B06E900043104C /* MapViewModel.swift in Sources */ = {isa = PBXBuildFile; fileRef = 6031A61C28B06E900043104C /* MapViewModel.swift */; };
		6031A61F28B06EB80043104C /* MapView.swift in Sources */ = {isa = PBXBuildFile; fileRef = 6031A61E28B06EB80043104C /* MapView.swift */; };
		6031A62428B071C50043104C /* RankRequest.swift in Sources */ = {isa = PBXBuildFile; fileRef = 6031A62328B071C50043104C /* RankRequest.swift */; };
		6031A62628B071CD0043104C /* RankResponse.swift in Sources */ = {isa = PBXBuildFile; fileRef = 6031A62528B071CD0043104C /* RankResponse.swift */; };
		6031A62928B0733B0043104C /* HomeViewModel.swift in Sources */ = {isa = PBXBuildFile; fileRef = 6031A62828B0733B0043104C /* HomeViewModel.swift */; };
		6031A62B28B073440043104C /* HomeView.swift in Sources */ = {isa = PBXBuildFile; fileRef = 6031A62A28B073440043104C /* HomeView.swift */; };
		6031A62E28B073930043104C /* SplashView.swift in Sources */ = {isa = PBXBuildFile; fileRef = 6031A62D28B073930043104C /* SplashView.swift */; };
		6031A63028B0739B0043104C /* SplashViewModel.swift in Sources */ = {isa = PBXBuildFile; fileRef = 6031A62F28B0739B0043104C /* SplashViewModel.swift */; };
		6031A63328B075A20043104C /* OnboardingViewModel.swift in Sources */ = {isa = PBXBuildFile; fileRef = 6031A63228B075A20043104C /* OnboardingViewModel.swift */; };
		6031A63528B075B40043104C /* OnboardingView.swift in Sources */ = {isa = PBXBuildFile; fileRef = 6031A63428B075B40043104C /* OnboardingView.swift */; };
		6031A63828B0760F0043104C /* AppColor.swift in Sources */ = {isa = PBXBuildFile; fileRef = 6031A63728B0760F0043104C /* AppColor.swift */; };
		6031A63B28B076420043104C /* Color+Ext.swift in Sources */ = {isa = PBXBuildFile; fileRef = 6031A63A28B076420043104C /* Color+Ext.swift */; };
		6031A63E28B0AEDA0043104C /* SwiftKeychainWrapper in Frameworks */ = {isa = PBXBuildFile; productRef = 6031A63D28B0AEDA0043104C /* SwiftKeychainWrapper */; };
		6031A64028B0AFED0043104C /* SignupRequest.swift in Sources */ = {isa = PBXBuildFile; fileRef = 6031A63F28B0AFED0043104C /* SignupRequest.swift */; };
		6031A64428B0CA780043104C /* ResultCardViewModel.swift in Sources */ = {isa = PBXBuildFile; fileRef = 6031A64328B0CA780043104C /* ResultCardViewModel.swift */; };
		6031A64628B0CA8F0043104C /* ResultCardView.swift in Sources */ = {isa = PBXBuildFile; fileRef = 6031A64528B0CA8F0043104C /* ResultCardView.swift */; };
		6095BB3D28B0D3FB002A4A8D /* Publisher+Ext.swift in Sources */ = {isa = PBXBuildFile; fileRef = 6095BB3C28B0D3FB002A4A8D /* Publisher+Ext.swift */; };
		6095BB3F28B0D424002A4A8D /* Notification+Ext.swift in Sources */ = {isa = PBXBuildFile; fileRef = 6095BB3E28B0D424002A4A8D /* Notification+Ext.swift */; };
/* End PBXBuildFile section */

/* Begin PBXContainerItemProxy section */
		602250D228AFE619001C5FE6 /* PBXContainerItemProxy */ = {
			isa = PBXContainerItemProxy;
			containerPortal = 602250B928AFE618001C5FE6 /* Project object */;
			proxyType = 1;
			remoteGlobalIDString = 602250C028AFE618001C5FE6;
			remoteInfo = "HurryPizza-iOS";
		};
		602250DC28AFE619001C5FE6 /* PBXContainerItemProxy */ = {
			isa = PBXContainerItemProxy;
			containerPortal = 602250B928AFE618001C5FE6 /* Project object */;
			proxyType = 1;
			remoteGlobalIDString = 602250C028AFE618001C5FE6;
			remoteInfo = "HurryPizza-iOS";
		};
/* End PBXContainerItemProxy section */

/* Begin PBXFileReference section */
		602250C128AFE618001C5FE6 /* HurryPizza-iOS.app */ = {isa = PBXFileReference; explicitFileType = wrapper.application; includeInIndex = 0; path = "HurryPizza-iOS.app"; sourceTree = BUILT_PRODUCTS_DIR; };
		602250C428AFE618001C5FE6 /* HurryPizza_iOSApp.swift */ = {isa = PBXFileReference; lastKnownFileType = sourcecode.swift; path = HurryPizza_iOSApp.swift; sourceTree = "<group>"; };
		602250C628AFE618001C5FE6 /* ContentView.swift */ = {isa = PBXFileReference; lastKnownFileType = sourcecode.swift; path = ContentView.swift; sourceTree = "<group>"; };
		602250C828AFE619001C5FE6 /* Assets.xcassets */ = {isa = PBXFileReference; lastKnownFileType = folder.assetcatalog; path = Assets.xcassets; sourceTree = "<group>"; };
		602250CB28AFE619001C5FE6 /* Preview Assets.xcassets */ = {isa = PBXFileReference; lastKnownFileType = folder.assetcatalog; path = "Preview Assets.xcassets"; sourceTree = "<group>"; };
		602250D128AFE619001C5FE6 /* HurryPizza-iOSTests.xctest */ = {isa = PBXFileReference; explicitFileType = wrapper.cfbundle; includeInIndex = 0; path = "HurryPizza-iOSTests.xctest"; sourceTree = BUILT_PRODUCTS_DIR; };
		602250D528AFE619001C5FE6 /* HurryPizza_iOSTests.swift */ = {isa = PBXFileReference; lastKnownFileType = sourcecode.swift; path = HurryPizza_iOSTests.swift; sourceTree = "<group>"; };
		602250DB28AFE619001C5FE6 /* HurryPizza-iOSUITests.xctest */ = {isa = PBXFileReference; explicitFileType = wrapper.cfbundle; includeInIndex = 0; path = "HurryPizza-iOSUITests.xctest"; sourceTree = BUILT_PRODUCTS_DIR; };
		602250DF28AFE61A001C5FE6 /* HurryPizza_iOSUITests.swift */ = {isa = PBXFileReference; lastKnownFileType = sourcecode.swift; path = HurryPizza_iOSUITests.swift; sourceTree = "<group>"; };
		602250E128AFE61A001C5FE6 /* HurryPizza_iOSUITestsLaunchTests.swift */ = {isa = PBXFileReference; lastKnownFileType = sourcecode.swift; path = HurryPizza_iOSUITestsLaunchTests.swift; sourceTree = "<group>"; };
		6031A5E128B016C30043104C /* AuthManager.swift */ = {isa = PBXFileReference; lastKnownFileType = sourcecode.swift; path = AuthManager.swift; sourceTree = "<group>"; };
		6031A5E328B016DB0043104C /* RouteManager.swift */ = {isa = PBXFileReference; lastKnownFileType = sourcecode.swift; path = RouteManager.swift; sourceTree = "<group>"; };
		6031A5E528B016E20043104C /* RankManager.swift */ = {isa = PBXFileReference; lastKnownFileType = sourcecode.swift; path = RankManager.swift; sourceTree = "<group>"; };
		6031A5E928B019E40043104C /* Response.swift */ = {isa = PBXFileReference; lastKnownFileType = sourcecode.swift; path = Response.swift; sourceTree = "<group>"; };
		6031A5EF28B01A870043104C /* AuthResponse.swift */ = {isa = PBXFileReference; lastKnownFileType = sourcecode.swift; path = AuthResponse.swift; sourceTree = "<group>"; };
		6031A5F128B01AE80043104C /* AuthRequest.swift */ = {isa = PBXFileReference; lastKnownFileType = sourcecode.swift; path = AuthRequest.swift; sourceTree = "<group>"; };
		6031A5F528B01B2E0043104C /* SavePathRequest.swift */ = {isa = PBXFileReference; lastKnownFileType = sourcecode.swift; path = SavePathRequest.swift; sourceTree = "<group>"; };
		6031A5F928B01B8E0043104C /* SavePathResponse.swift */ = {isa = PBXFileReference; lastKnownFileType = sourcecode.swift; path = SavePathResponse.swift; sourceTree = "<group>"; };
		6031A5FB28B01BC70043104C /* OtherUserPathRequest.swift */ = {isa = PBXFileReference; lastKnownFileType = sourcecode.swift; path = OtherUserPathRequest.swift; sourceTree = "<group>"; };
		6031A5FD28B01C2A0043104C /* OtherUserPathResponse.swift */ = {isa = PBXFileReference; lastKnownFileType = sourcecode.swift; path = OtherUserPathResponse.swift; sourceTree = "<group>"; };
		6031A60328B06CA60043104C /* SigninView.swift */ = {isa = PBXFileReference; lastKnownFileType = sourcecode.swift; path = SigninView.swift; sourceTree = "<group>"; };
		6031A60528B06CB80043104C /* SignupView.swift */ = {isa = PBXFileReference; lastKnownFileType = sourcecode.swift; path = SignupView.swift; sourceTree = "<group>"; };
		6031A60828B06CC40043104C /* RankView.swift */ = {isa = PBXFileReference; lastKnownFileType = sourcecode.swift; path = RankView.swift; sourceTree = "<group>"; };
		6031A60B28B06D280043104C /* ProfileView.swift */ = {isa = PBXFileReference; lastKnownFileType = sourcecode.swift; path = ProfileView.swift; sourceTree = "<group>"; };
		6031A60F28B06D5C0043104C /* SettingView.swift */ = {isa = PBXFileReference; lastKnownFileType = sourcecode.swift; path = SettingView.swift; sourceTree = "<group>"; };
		6031A61128B06E3A0043104C /* SettingViewModel.swift */ = {isa = PBXFileReference; lastKnownFileType = sourcecode.swift; path = SettingViewModel.swift; sourceTree = "<group>"; };
		6031A61328B06E440043104C /* ProfileViewModel.swift */ = {isa = PBXFileReference; lastKnownFileType = sourcecode.swift; path = ProfileViewModel.swift; sourceTree = "<group>"; };
		6031A61528B06E4B0043104C /* RankViewModel.swift */ = {isa = PBXFileReference; lastKnownFileType = sourcecode.swift; path = RankViewModel.swift; sourceTree = "<group>"; };
		6031A61728B06E540043104C /* SigninViewModel.swift */ = {isa = PBXFileReference; lastKnownFileType = sourcecode.swift; path = SigninViewModel.swift; sourceTree = "<group>"; };
		6031A61928B06E600043104C /* SignupViewModel.swift */ = {isa = PBXFileReference; lastKnownFileType = sourcecode.swift; path = SignupViewModel.swift; sourceTree = "<group>"; };
		6031A61C28B06E900043104C /* MapViewModel.swift */ = {isa = PBXFileReference; lastKnownFileType = sourcecode.swift; path = MapViewModel.swift; sourceTree = "<group>"; };
		6031A61E28B06EB80043104C /* MapView.swift */ = {isa = PBXFileReference; lastKnownFileType = sourcecode.swift; path = MapView.swift; sourceTree = "<group>"; };
		6031A62328B071C50043104C /* RankRequest.swift */ = {isa = PBXFileReference; lastKnownFileType = sourcecode.swift; path = RankRequest.swift; sourceTree = "<group>"; };
		6031A62528B071CD0043104C /* RankResponse.swift */ = {isa = PBXFileReference; lastKnownFileType = sourcecode.swift; path = RankResponse.swift; sourceTree = "<group>"; };
		6031A62828B0733B0043104C /* HomeViewModel.swift */ = {isa = PBXFileReference; lastKnownFileType = sourcecode.swift; path = HomeViewModel.swift; sourceTree = "<group>"; };
		6031A62A28B073440043104C /* HomeView.swift */ = {isa = PBXFileReference; lastKnownFileType = sourcecode.swift; path = HomeView.swift; sourceTree = "<group>"; };
		6031A62D28B073930043104C /* SplashView.swift */ = {isa = PBXFileReference; lastKnownFileType = sourcecode.swift; path = SplashView.swift; sourceTree = "<group>"; };
		6031A62F28B0739B0043104C /* SplashViewModel.swift */ = {isa = PBXFileReference; lastKnownFileType = sourcecode.swift; path = SplashViewModel.swift; sourceTree = "<group>"; };
		6031A63228B075A20043104C /* OnboardingViewModel.swift */ = {isa = PBXFileReference; lastKnownFileType = sourcecode.swift; path = OnboardingViewModel.swift; sourceTree = "<group>"; };
		6031A63428B075B40043104C /* OnboardingView.swift */ = {isa = PBXFileReference; lastKnownFileType = sourcecode.swift; path = OnboardingView.swift; sourceTree = "<group>"; };
		6031A63728B0760F0043104C /* AppColor.swift */ = {isa = PBXFileReference; lastKnownFileType = sourcecode.swift; path = AppColor.swift; sourceTree = "<group>"; };
		6031A63A28B076420043104C /* Color+Ext.swift */ = {isa = PBXFileReference; lastKnownFileType = sourcecode.swift; path = "Color+Ext.swift"; sourceTree = "<group>"; };
		6031A63F28B0AFED0043104C /* SignupRequest.swift */ = {isa = PBXFileReference; lastKnownFileType = sourcecode.swift; path = SignupRequest.swift; sourceTree = "<group>"; };
		6031A64128B0B9210043104C /* Info.plist */ = {isa = PBXFileReference; lastKnownFileType = text.plist; path = Info.plist; sourceTree = "<group>"; };
		6031A64328B0CA780043104C /* ResultCardViewModel.swift */ = {isa = PBXFileReference; lastKnownFileType = sourcecode.swift; path = ResultCardViewModel.swift; sourceTree = "<group>"; };
		6031A64528B0CA8F0043104C /* ResultCardView.swift */ = {isa = PBXFileReference; lastKnownFileType = sourcecode.swift; path = ResultCardView.swift; sourceTree = "<group>"; };
		6095BB3C28B0D3FB002A4A8D /* Publisher+Ext.swift */ = {isa = PBXFileReference; lastKnownFileType = sourcecode.swift; path = "Publisher+Ext.swift"; sourceTree = "<group>"; };
		6095BB3E28B0D424002A4A8D /* Notification+Ext.swift */ = {isa = PBXFileReference; lastKnownFileType = sourcecode.swift; path = "Notification+Ext.swift"; sourceTree = "<group>"; };
/* End PBXFileReference section */

/* Begin PBXFrameworksBuildPhase section */
		602250BE28AFE618001C5FE6 /* Frameworks */ = {
			isa = PBXFrameworksBuildPhase;
			buildActionMask = 2147483647;
			files = (
				6031A63E28B0AEDA0043104C /* SwiftKeychainWrapper in Frameworks */,
				602250F128AFF106001C5FE6 /* Alamofire in Frameworks */,
			);
			runOnlyForDeploymentPostprocessing = 0;
		};
		602250CE28AFE619001C5FE6 /* Frameworks */ = {
			isa = PBXFrameworksBuildPhase;
			buildActionMask = 2147483647;
			files = (
			);
			runOnlyForDeploymentPostprocessing = 0;
		};
		602250D828AFE619001C5FE6 /* Frameworks */ = {
			isa = PBXFrameworksBuildPhase;
			buildActionMask = 2147483647;
			files = (
			);
			runOnlyForDeploymentPostprocessing = 0;
		};
/* End PBXFrameworksBuildPhase section */

/* Begin PBXGroup section */
		602250B828AFE618001C5FE6 = {
			isa = PBXGroup;
			children = (
				602250C328AFE618001C5FE6 /* HurryPizza-iOS */,
				602250D428AFE619001C5FE6 /* HurryPizza-iOSTests */,
				602250DE28AFE61A001C5FE6 /* HurryPizza-iOSUITests */,
				602250C228AFE618001C5FE6 /* Products */,
			);
			sourceTree = "<group>";
		};
		602250C228AFE618001C5FE6 /* Products */ = {
			isa = PBXGroup;
			children = (
				602250C128AFE618001C5FE6 /* HurryPizza-iOS.app */,
				602250D128AFE619001C5FE6 /* HurryPizza-iOSTests.xctest */,
				602250DB28AFE619001C5FE6 /* HurryPizza-iOSUITests.xctest */,
			);
			name = Products;
			sourceTree = "<group>";
		};
		602250C328AFE618001C5FE6 /* HurryPizza-iOS */ = {
			isa = PBXGroup;
			children = (
				6031A64128B0B9210043104C /* Info.plist */,
				6031A63928B0763A0043104C /* Extensions */,
				6031A63628B075E40043104C /* Utils */,
				6031A5FF28B01FFE0043104C /* View */,
				6031A5EE28B01A4F0043104C /* Model */,
				6031A5E028B016B90043104C /* Network */,
				602250C428AFE618001C5FE6 /* HurryPizza_iOSApp.swift */,
				602250C828AFE619001C5FE6 /* Assets.xcassets */,
				602250CA28AFE619001C5FE6 /* Preview Content */,
			);
			path = "HurryPizza-iOS";
			sourceTree = "<group>";
		};
		602250CA28AFE619001C5FE6 /* Preview Content */ = {
			isa = PBXGroup;
			children = (
				602250CB28AFE619001C5FE6 /* Preview Assets.xcassets */,
			);
			path = "Preview Content";
			sourceTree = "<group>";
		};
		602250D428AFE619001C5FE6 /* HurryPizza-iOSTests */ = {
			isa = PBXGroup;
			children = (
				602250D528AFE619001C5FE6 /* HurryPizza_iOSTests.swift */,
			);
			path = "HurryPizza-iOSTests";
			sourceTree = "<group>";
		};
		602250DE28AFE61A001C5FE6 /* HurryPizza-iOSUITests */ = {
			isa = PBXGroup;
			children = (
				602250DF28AFE61A001C5FE6 /* HurryPizza_iOSUITests.swift */,
				602250E128AFE61A001C5FE6 /* HurryPizza_iOSUITestsLaunchTests.swift */,
			);
			path = "HurryPizza-iOSUITests";
			sourceTree = "<group>";
		};
		6031A5E028B016B90043104C /* Network */ = {
			isa = PBXGroup;
			children = (
				6031A5EB28B01A250043104C /* Manager */,
				6031A5E928B019E40043104C /* Response.swift */,
			);
			path = Network;
			sourceTree = "<group>";
		};
		6031A5EB28B01A250043104C /* Manager */ = {
			isa = PBXGroup;
			children = (
				6031A5E128B016C30043104C /* AuthManager.swift */,
				6031A5E328B016DB0043104C /* RouteManager.swift */,
				6031A5E528B016E20043104C /* RankManager.swift */,
			);
			path = Manager;
			sourceTree = "<group>";
		};
		6031A5EE28B01A4F0043104C /* Model */ = {
			isa = PBXGroup;
			children = (
				6031A62028B071AD0043104C /* Rank */,
				6031A5F428B01B130043104C /* Path */,
				6031A5F328B01B070043104C /* Auth */,
			);
			path = Model;
			sourceTree = "<group>";
		};
		6031A5F328B01B070043104C /* Auth */ = {
			isa = PBXGroup;
			children = (
				6031A5EF28B01A870043104C /* AuthResponse.swift */,
				6031A5F128B01AE80043104C /* AuthRequest.swift */,
				6031A63F28B0AFED0043104C /* SignupRequest.swift */,
			);
			path = Auth;
			sourceTree = "<group>";
		};
		6031A5F428B01B130043104C /* Path */ = {
			isa = PBXGroup;
			children = (
				6031A5F528B01B2E0043104C /* SavePathRequest.swift */,
				6031A5F928B01B8E0043104C /* SavePathResponse.swift */,
				6031A5FB28B01BC70043104C /* OtherUserPathRequest.swift */,
				6031A5FD28B01C2A0043104C /* OtherUserPathResponse.swift */,
			);
			path = Path;
			sourceTree = "<group>";
		};
		6031A5FF28B01FFE0043104C /* View */ = {
			isa = PBXGroup;
			children = (
				6031A64228B0CA680043104C /* ResultCard */,
				6031A63128B0758E0043104C /* Onboarding */,
				6031A62C28B0738A0043104C /* Splash */,
				6031A62728B073320043104C /* Home */,
				6031A61B28B06E860043104C /* Map */,
				6031A60E28B06D540043104C /* Settings */,
				6031A60A28B06D1F0043104C /* Profile */,
				6031A60728B06CBC0043104C /* Rank */,
				6031A60228B06C980043104C /* Auth */,
				602250C628AFE618001C5FE6 /* ContentView.swift */,
			);
			path = View;
			sourceTree = "<group>";
		};
		6031A60228B06C980043104C /* Auth */ = {
			isa = PBXGroup;
			children = (
				6031A60328B06CA60043104C /* SigninView.swift */,
				6031A61728B06E540043104C /* SigninViewModel.swift */,
				6031A60528B06CB80043104C /* SignupView.swift */,
				6031A61928B06E600043104C /* SignupViewModel.swift */,
			);
			path = Auth;
			sourceTree = "<group>";
		};
		6031A60728B06CBC0043104C /* Rank */ = {
			isa = PBXGroup;
			children = (
				6031A60828B06CC40043104C /* RankView.swift */,
				6031A61528B06E4B0043104C /* RankViewModel.swift */,
			);
			path = Rank;
			sourceTree = "<group>";
		};
		6031A60A28B06D1F0043104C /* Profile */ = {
			isa = PBXGroup;
			children = (
				6031A60B28B06D280043104C /* ProfileView.swift */,
				6031A61328B06E440043104C /* ProfileViewModel.swift */,
			);
			path = Profile;
			sourceTree = "<group>";
		};
		6031A60E28B06D540043104C /* Settings */ = {
			isa = PBXGroup;
			children = (
				6031A60F28B06D5C0043104C /* SettingView.swift */,
				6031A61128B06E3A0043104C /* SettingViewModel.swift */,
			);
			path = Settings;
			sourceTree = "<group>";
		};
		6031A61B28B06E860043104C /* Map */ = {
			isa = PBXGroup;
			children = (
				6031A61C28B06E900043104C /* MapViewModel.swift */,
				6031A61E28B06EB80043104C /* MapView.swift */,
			);
			path = Map;
			sourceTree = "<group>";
		};
		6031A62028B071AD0043104C /* Rank */ = {
			isa = PBXGroup;
			children = (
				6031A62328B071C50043104C /* RankRequest.swift */,
				6031A62528B071CD0043104C /* RankResponse.swift */,
			);
			path = Rank;
			sourceTree = "<group>";
		};
		6031A62728B073320043104C /* Home */ = {
			isa = PBXGroup;
			children = (
				6031A62828B0733B0043104C /* HomeViewModel.swift */,
				6031A62A28B073440043104C /* HomeView.swift */,
			);
			path = Home;
			sourceTree = "<group>";
		};
		6031A62C28B0738A0043104C /* Splash */ = {
			isa = PBXGroup;
			children = (
				6031A62D28B073930043104C /* SplashView.swift */,
				6031A62F28B0739B0043104C /* SplashViewModel.swift */,
			);
			path = Splash;
			sourceTree = "<group>";
		};
		6031A63128B0758E0043104C /* Onboarding */ = {
			isa = PBXGroup;
			children = (
				6031A63228B075A20043104C /* OnboardingViewModel.swift */,
				6031A63428B075B40043104C /* OnboardingView.swift */,
			);
			path = Onboarding;
			sourceTree = "<group>";
		};
		6031A63628B075E40043104C /* Utils */ = {
			isa = PBXGroup;
			children = (
				6031A63728B0760F0043104C /* AppColor.swift */,
			);
			path = Utils;
			sourceTree = "<group>";
		};
		6031A63928B0763A0043104C /* Extensions */ = {
			isa = PBXGroup;
			children = (
				6031A63A28B076420043104C /* Color+Ext.swift */,
				6095BB3C28B0D3FB002A4A8D /* Publisher+Ext.swift */,
				6095BB3E28B0D424002A4A8D /* Notification+Ext.swift */,
			);
			path = Extensions;
			sourceTree = "<group>";
		};
		6031A64228B0CA680043104C /* ResultCard */ = {
			isa = PBXGroup;
			children = (
				6031A64328B0CA780043104C /* ResultCardViewModel.swift */,
				6031A64528B0CA8F0043104C /* ResultCardView.swift */,
			);
			path = ResultCard;
			sourceTree = "<group>";
		};
/* End PBXGroup section */

/* Begin PBXNativeTarget section */
		602250C028AFE618001C5FE6 /* HurryPizza-iOS */ = {
			isa = PBXNativeTarget;
			buildConfigurationList = 602250E528AFE61A001C5FE6 /* Build configuration list for PBXNativeTarget "HurryPizza-iOS" */;
			buildPhases = (
				602250BD28AFE618001C5FE6 /* Sources */,
				602250BE28AFE618001C5FE6 /* Frameworks */,
				602250BF28AFE618001C5FE6 /* Resources */,
				602250EE28AFE94C001C5FE6 /* ShellScript */,
			);
			buildRules = (
			);
			dependencies = (
			);
			name = "HurryPizza-iOS";
			packageProductDependencies = (
				602250F028AFF106001C5FE6 /* Alamofire */,
				6031A63D28B0AEDA0043104C /* SwiftKeychainWrapper */,
			);
			productName = "HurryPizza-iOS";
			productReference = 602250C128AFE618001C5FE6 /* HurryPizza-iOS.app */;
			productType = "com.apple.product-type.application";
		};
		602250D028AFE619001C5FE6 /* HurryPizza-iOSTests */ = {
			isa = PBXNativeTarget;
			buildConfigurationList = 602250E828AFE61A001C5FE6 /* Build configuration list for PBXNativeTarget "HurryPizza-iOSTests" */;
			buildPhases = (
				602250CD28AFE619001C5FE6 /* Sources */,
				602250CE28AFE619001C5FE6 /* Frameworks */,
				602250CF28AFE619001C5FE6 /* Resources */,
			);
			buildRules = (
			);
			dependencies = (
				602250D328AFE619001C5FE6 /* PBXTargetDependency */,
			);
			name = "HurryPizza-iOSTests";
			productName = "HurryPizza-iOSTests";
			productReference = 602250D128AFE619001C5FE6 /* HurryPizza-iOSTests.xctest */;
			productType = "com.apple.product-type.bundle.unit-test";
		};
		602250DA28AFE619001C5FE6 /* HurryPizza-iOSUITests */ = {
			isa = PBXNativeTarget;
			buildConfigurationList = 602250EB28AFE61A001C5FE6 /* Build configuration list for PBXNativeTarget "HurryPizza-iOSUITests" */;
			buildPhases = (
				602250D728AFE619001C5FE6 /* Sources */,
				602250D828AFE619001C5FE6 /* Frameworks */,
				602250D928AFE619001C5FE6 /* Resources */,
			);
			buildRules = (
			);
			dependencies = (
				602250DD28AFE619001C5FE6 /* PBXTargetDependency */,
			);
			name = "HurryPizza-iOSUITests";
			productName = "HurryPizza-iOSUITests";
			productReference = 602250DB28AFE619001C5FE6 /* HurryPizza-iOSUITests.xctest */;
			productType = "com.apple.product-type.bundle.ui-testing";
		};
/* End PBXNativeTarget section */

/* Begin PBXProject section */
		602250B928AFE618001C5FE6 /* Project object */ = {
			isa = PBXProject;
			attributes = {
				BuildIndependentTargetsInParallel = 1;
				LastSwiftUpdateCheck = 1340;
				LastUpgradeCheck = 1340;
				TargetAttributes = {
					602250C028AFE618001C5FE6 = {
						CreatedOnToolsVersion = 13.4.1;
					};
					602250D028AFE619001C5FE6 = {
						CreatedOnToolsVersion = 13.4.1;
						TestTargetID = 602250C028AFE618001C5FE6;
					};
					602250DA28AFE619001C5FE6 = {
						CreatedOnToolsVersion = 13.4.1;
						TestTargetID = 602250C028AFE618001C5FE6;
					};
				};
			};
			buildConfigurationList = 602250BC28AFE618001C5FE6 /* Build configuration list for PBXProject "HurryPizza-iOS" */;
			compatibilityVersion = "Xcode 13.0";
			developmentRegion = en;
			hasScannedForEncodings = 0;
			knownRegions = (
				en,
				Base,
			);
			mainGroup = 602250B828AFE618001C5FE6;
			packageReferences = (
				602250EF28AFF106001C5FE6 /* XCRemoteSwiftPackageReference "Alamofire" */,
				6031A63C28B0AEDA0043104C /* XCRemoteSwiftPackageReference "SwiftKeychainWrapper" */,
			);
			productRefGroup = 602250C228AFE618001C5FE6 /* Products */;
			projectDirPath = "";
			projectRoot = "";
			targets = (
				602250C028AFE618001C5FE6 /* HurryPizza-iOS */,
				602250D028AFE619001C5FE6 /* HurryPizza-iOSTests */,
				602250DA28AFE619001C5FE6 /* HurryPizza-iOSUITests */,
			);
		};
/* End PBXProject section */

/* Begin PBXResourcesBuildPhase section */
		602250BF28AFE618001C5FE6 /* Resources */ = {
			isa = PBXResourcesBuildPhase;
			buildActionMask = 2147483647;
			files = (
				602250CC28AFE619001C5FE6 /* Preview Assets.xcassets in Resources */,
				602250C928AFE619001C5FE6 /* Assets.xcassets in Resources */,
			);
			runOnlyForDeploymentPostprocessing = 0;
		};
		602250CF28AFE619001C5FE6 /* Resources */ = {
			isa = PBXResourcesBuildPhase;
			buildActionMask = 2147483647;
			files = (
			);
			runOnlyForDeploymentPostprocessing = 0;
		};
		602250D928AFE619001C5FE6 /* Resources */ = {
			isa = PBXResourcesBuildPhase;
			buildActionMask = 2147483647;
			files = (
			);
			runOnlyForDeploymentPostprocessing = 0;
		};
/* End PBXResourcesBuildPhase section */

/* Begin PBXShellScriptBuildPhase section */
		602250EE28AFE94C001C5FE6 /* ShellScript */ = {
			isa = PBXShellScriptBuildPhase;
			buildActionMask = 2147483647;
			files = (
			);
			inputFileListPaths = (
			);
			inputPaths = (
			);
			outputFileListPaths = (
			);
			outputPaths = (
			);
			runOnlyForDeploymentPostprocessing = 0;
			shellPath = /bin/sh;
			shellScript = "export PATH=\"$PATH:/opt/homebrew/bin\"\nif which swiftlint > /dev/null; then\n  swiftlint\nelse\n  echo \"warning: SwiftLint not installed, download from https://github.com/realm/SwiftLint\"\nfi\n";
		};
/* End PBXShellScriptBuildPhase section */

/* Begin PBXSourcesBuildPhase section */
		602250BD28AFE618001C5FE6 /* Sources */ = {
			isa = PBXSourcesBuildPhase;
			buildActionMask = 2147483647;
			files = (
				6031A60628B06CB80043104C /* SignupView.swift in Sources */,
				6031A62B28B073440043104C /* HomeView.swift in Sources */,
				6031A64628B0CA8F0043104C /* ResultCardView.swift in Sources */,
				6031A61F28B06EB80043104C /* MapView.swift in Sources */,
				6031A62628B071CD0043104C /* RankResponse.swift in Sources */,
				6031A61428B06E440043104C /* ProfileViewModel.swift in Sources */,
				6031A61628B06E4B0043104C /* RankViewModel.swift in Sources */,
				6031A61828B06E540043104C /* SigninViewModel.swift in Sources */,
				6031A60928B06CC40043104C /* RankView.swift in Sources */,
				6031A5F628B01B2E0043104C /* SavePathRequest.swift in Sources */,
				6031A5E228B016C30043104C /* AuthManager.swift in Sources */,
				6031A5E628B016E20043104C /* RankManager.swift in Sources */,
				6031A62928B0733B0043104C /* HomeViewModel.swift in Sources */,
				602250C728AFE618001C5FE6 /* ContentView.swift in Sources */,
				6031A63528B075B40043104C /* OnboardingView.swift in Sources */,
				602250C528AFE618001C5FE6 /* HurryPizza_iOSApp.swift in Sources */,
				6031A61228B06E3A0043104C /* SettingViewModel.swift in Sources */,
				6031A63028B0739B0043104C /* SplashViewModel.swift in Sources */,
				6031A61D28B06E900043104C /* MapViewModel.swift in Sources */,
				6031A5FC28B01BC70043104C /* OtherUserPathRequest.swift in Sources */,
				6031A60C28B06D280043104C /* ProfileView.swift in Sources */,
				6031A63828B0760F0043104C /* AppColor.swift in Sources */,
				6031A64428B0CA780043104C /* ResultCardViewModel.swift in Sources */,
				6031A63B28B076420043104C /* Color+Ext.swift in Sources */,
				6031A61028B06D5C0043104C /* SettingView.swift in Sources */,
				6031A64028B0AFED0043104C /* SignupRequest.swift in Sources */,
				6031A62428B071C50043104C /* RankRequest.swift in Sources */,
				6031A5F028B01A870043104C /* AuthResponse.swift in Sources */,
				6095BB3F28B0D424002A4A8D /* Notification+Ext.swift in Sources */,
				6095BB3D28B0D3FB002A4A8D /* Publisher+Ext.swift in Sources */,
				6031A5EA28B019E40043104C /* Response.swift in Sources */,
				6031A61A28B06E600043104C /* SignupViewModel.swift in Sources */,
				6031A5E428B016DB0043104C /* RouteManager.swift in Sources */,
				6031A5FA28B01B8E0043104C /* SavePathResponse.swift in Sources */,
				6031A63328B075A20043104C /* OnboardingViewModel.swift in Sources */,
				6031A5F228B01AE80043104C /* AuthRequest.swift in Sources */,
				6031A62E28B073930043104C /* SplashView.swift in Sources */,
				6031A5FE28B01C2A0043104C /* OtherUserPathResponse.swift in Sources */,
				6031A60428B06CA60043104C /* SigninView.swift in Sources */,
			);
			runOnlyForDeploymentPostprocessing = 0;
		};
		602250CD28AFE619001C5FE6 /* Sources */ = {
			isa = PBXSourcesBuildPhase;
			buildActionMask = 2147483647;
			files = (
				602250D628AFE619001C5FE6 /* HurryPizza_iOSTests.swift in Sources */,
			);
			runOnlyForDeploymentPostprocessing = 0;
		};
		602250D728AFE619001C5FE6 /* Sources */ = {
			isa = PBXSourcesBuildPhase;
			buildActionMask = 2147483647;
			files = (
				602250E228AFE61A001C5FE6 /* HurryPizza_iOSUITestsLaunchTests.swift in Sources */,
				602250E028AFE61A001C5FE6 /* HurryPizza_iOSUITests.swift in Sources */,
			);
			runOnlyForDeploymentPostprocessing = 0;
		};
/* End PBXSourcesBuildPhase section */

/* Begin PBXTargetDependency section */
		602250D328AFE619001C5FE6 /* PBXTargetDependency */ = {
			isa = PBXTargetDependency;
			target = 602250C028AFE618001C5FE6 /* HurryPizza-iOS */;
			targetProxy = 602250D228AFE619001C5FE6 /* PBXContainerItemProxy */;
		};
		602250DD28AFE619001C5FE6 /* PBXTargetDependency */ = {
			isa = PBXTargetDependency;
			target = 602250C028AFE618001C5FE6 /* HurryPizza-iOS */;
			targetProxy = 602250DC28AFE619001C5FE6 /* PBXContainerItemProxy */;
		};
/* End PBXTargetDependency section */

/* Begin XCBuildConfiguration section */
		602250E328AFE61A001C5FE6 /* Debug */ = {
			isa = XCBuildConfiguration;
			buildSettings = {
				ALWAYS_SEARCH_USER_PATHS = NO;
				CLANG_ANALYZER_NONNULL = YES;
				CLANG_ANALYZER_NUMBER_OBJECT_CONVERSION = YES_AGGRESSIVE;
				CLANG_CXX_LANGUAGE_STANDARD = "gnu++17";
				CLANG_ENABLE_MODULES = YES;
				CLANG_ENABLE_OBJC_ARC = YES;
				CLANG_ENABLE_OBJC_WEAK = YES;
				CLANG_WARN_BLOCK_CAPTURE_AUTORELEASING = YES;
				CLANG_WARN_BOOL_CONVERSION = YES;
				CLANG_WARN_COMMA = YES;
				CLANG_WARN_CONSTANT_CONVERSION = YES;
				CLANG_WARN_DEPRECATED_OBJC_IMPLEMENTATIONS = YES;
				CLANG_WARN_DIRECT_OBJC_ISA_USAGE = YES_ERROR;
				CLANG_WARN_DOCUMENTATION_COMMENTS = YES;
				CLANG_WARN_EMPTY_BODY = YES;
				CLANG_WARN_ENUM_CONVERSION = YES;
				CLANG_WARN_INFINITE_RECURSION = YES;
				CLANG_WARN_INT_CONVERSION = YES;
				CLANG_WARN_NON_LITERAL_NULL_CONVERSION = YES;
				CLANG_WARN_OBJC_IMPLICIT_RETAIN_SELF = YES;
				CLANG_WARN_OBJC_LITERAL_CONVERSION = YES;
				CLANG_WARN_OBJC_ROOT_CLASS = YES_ERROR;
				CLANG_WARN_QUOTED_INCLUDE_IN_FRAMEWORK_HEADER = YES;
				CLANG_WARN_RANGE_LOOP_ANALYSIS = YES;
				CLANG_WARN_STRICT_PROTOTYPES = YES;
				CLANG_WARN_SUSPICIOUS_MOVE = YES;
				CLANG_WARN_UNGUARDED_AVAILABILITY = YES_AGGRESSIVE;
				CLANG_WARN_UNREACHABLE_CODE = YES;
				CLANG_WARN__DUPLICATE_METHOD_MATCH = YES;
				COPY_PHASE_STRIP = NO;
				DEBUG_INFORMATION_FORMAT = dwarf;
				ENABLE_STRICT_OBJC_MSGSEND = YES;
				ENABLE_TESTABILITY = YES;
				GCC_C_LANGUAGE_STANDARD = gnu11;
				GCC_DYNAMIC_NO_PIC = NO;
				GCC_NO_COMMON_BLOCKS = YES;
				GCC_OPTIMIZATION_LEVEL = 0;
				GCC_PREPROCESSOR_DEFINITIONS = (
					"DEBUG=1",
					"$(inherited)",
				);
				GCC_WARN_64_TO_32_BIT_CONVERSION = YES;
				GCC_WARN_ABOUT_RETURN_TYPE = YES_ERROR;
				GCC_WARN_UNDECLARED_SELECTOR = YES;
				GCC_WARN_UNINITIALIZED_AUTOS = YES_AGGRESSIVE;
				GCC_WARN_UNUSED_FUNCTION = YES;
				GCC_WARN_UNUSED_VARIABLE = YES;
				IPHONEOS_DEPLOYMENT_TARGET = 15.5;
				MTL_ENABLE_DEBUG_INFO = INCLUDE_SOURCE;
				MTL_FAST_MATH = YES;
				ONLY_ACTIVE_ARCH = YES;
				SDKROOT = iphoneos;
				SWIFT_ACTIVE_COMPILATION_CONDITIONS = DEBUG;
				SWIFT_OPTIMIZATION_LEVEL = "-Onone";
			};
			name = Debug;
		};
		602250E428AFE61A001C5FE6 /* Release */ = {
			isa = XCBuildConfiguration;
			buildSettings = {
				ALWAYS_SEARCH_USER_PATHS = NO;
				CLANG_ANALYZER_NONNULL = YES;
				CLANG_ANALYZER_NUMBER_OBJECT_CONVERSION = YES_AGGRESSIVE;
				CLANG_CXX_LANGUAGE_STANDARD = "gnu++17";
				CLANG_ENABLE_MODULES = YES;
				CLANG_ENABLE_OBJC_ARC = YES;
				CLANG_ENABLE_OBJC_WEAK = YES;
				CLANG_WARN_BLOCK_CAPTURE_AUTORELEASING = YES;
				CLANG_WARN_BOOL_CONVERSION = YES;
				CLANG_WARN_COMMA = YES;
				CLANG_WARN_CONSTANT_CONVERSION = YES;
				CLANG_WARN_DEPRECATED_OBJC_IMPLEMENTATIONS = YES;
				CLANG_WARN_DIRECT_OBJC_ISA_USAGE = YES_ERROR;
				CLANG_WARN_DOCUMENTATION_COMMENTS = YES;
				CLANG_WARN_EMPTY_BODY = YES;
				CLANG_WARN_ENUM_CONVERSION = YES;
				CLANG_WARN_INFINITE_RECURSION = YES;
				CLANG_WARN_INT_CONVERSION = YES;
				CLANG_WARN_NON_LITERAL_NULL_CONVERSION = YES;
				CLANG_WARN_OBJC_IMPLICIT_RETAIN_SELF = YES;
				CLANG_WARN_OBJC_LITERAL_CONVERSION = YES;
				CLANG_WARN_OBJC_ROOT_CLASS = YES_ERROR;
				CLANG_WARN_QUOTED_INCLUDE_IN_FRAMEWORK_HEADER = YES;
				CLANG_WARN_RANGE_LOOP_ANALYSIS = YES;
				CLANG_WARN_STRICT_PROTOTYPES = YES;
				CLANG_WARN_SUSPICIOUS_MOVE = YES;
				CLANG_WARN_UNGUARDED_AVAILABILITY = YES_AGGRESSIVE;
				CLANG_WARN_UNREACHABLE_CODE = YES;
				CLANG_WARN__DUPLICATE_METHOD_MATCH = YES;
				COPY_PHASE_STRIP = NO;
				DEBUG_INFORMATION_FORMAT = "dwarf-with-dsym";
				ENABLE_NS_ASSERTIONS = NO;
				ENABLE_STRICT_OBJC_MSGSEND = YES;
				GCC_C_LANGUAGE_STANDARD = gnu11;
				GCC_NO_COMMON_BLOCKS = YES;
				GCC_WARN_64_TO_32_BIT_CONVERSION = YES;
				GCC_WARN_ABOUT_RETURN_TYPE = YES_ERROR;
				GCC_WARN_UNDECLARED_SELECTOR = YES;
				GCC_WARN_UNINITIALIZED_AUTOS = YES_AGGRESSIVE;
				GCC_WARN_UNUSED_FUNCTION = YES;
				GCC_WARN_UNUSED_VARIABLE = YES;
				IPHONEOS_DEPLOYMENT_TARGET = 15.5;
				MTL_ENABLE_DEBUG_INFO = NO;
				MTL_FAST_MATH = YES;
				SDKROOT = iphoneos;
				SWIFT_COMPILATION_MODE = wholemodule;
				SWIFT_OPTIMIZATION_LEVEL = "-O";
				VALIDATE_PRODUCT = YES;
			};
			name = Release;
		};
		602250E628AFE61A001C5FE6 /* Debug */ = {
			isa = XCBuildConfiguration;
			buildSettings = {
				ASSETCATALOG_COMPILER_APPICON_NAME = AppIcon;
				ASSETCATALOG_COMPILER_GLOBAL_ACCENT_COLOR_NAME = AccentColor;
				CODE_SIGN_STYLE = Automatic;
				CURRENT_PROJECT_VERSION = 1;
				DEVELOPMENT_ASSET_PATHS = "\"HurryPizza-iOS/Preview Content\"";
				DEVELOPMENT_TEAM = 92NGUT4BRA;
				ENABLE_PREVIEWS = YES;
				GENERATE_INFOPLIST_FILE = YES;
				INFOPLIST_FILE = "HurryPizza-iOS/Info.plist";
				INFOPLIST_KEY_NSLocationWhenInUseUsageDescription = "GPS information is used for route tracking.";
				INFOPLIST_KEY_UIApplicationSceneManifest_Generation = YES;
				INFOPLIST_KEY_UIApplicationSupportsIndirectInputEvents = YES;
				INFOPLIST_KEY_UILaunchScreen_Generation = YES;
				INFOPLIST_KEY_UISupportedInterfaceOrientations_iPad = "UIInterfaceOrientationPortrait UIInterfaceOrientationPortraitUpsideDown UIInterfaceOrientationLandscapeLeft UIInterfaceOrientationLandscapeRight";
				INFOPLIST_KEY_UISupportedInterfaceOrientations_iPhone = "UIInterfaceOrientationPortrait UIInterfaceOrientationLandscapeLeft UIInterfaceOrientationLandscapeRight";
				INFOPLIST_KEY_UIUserInterfaceStyle = Light;
				LD_RUNPATH_SEARCH_PATHS = (
					"$(inherited)",
					"@executable_path/Frameworks",
				);
				MARKETING_VERSION = 1.0;
				PRODUCT_BUNDLE_IDENTIFIER = "com.byunghak.HurryPizza-iOS";
				PRODUCT_NAME = "$(TARGET_NAME)";
				SWIFT_EMIT_LOC_STRINGS = YES;
				SWIFT_VERSION = 5.0;
				TARGETED_DEVICE_FAMILY = "1,2";
			};
			name = Debug;
		};
		602250E728AFE61A001C5FE6 /* Release */ = {
			isa = XCBuildConfiguration;
			buildSettings = {
				ASSETCATALOG_COMPILER_APPICON_NAME = AppIcon;
				ASSETCATALOG_COMPILER_GLOBAL_ACCENT_COLOR_NAME = AccentColor;
				CODE_SIGN_STYLE = Automatic;
				CURRENT_PROJECT_VERSION = 1;
				DEVELOPMENT_ASSET_PATHS = "\"HurryPizza-iOS/Preview Content\"";
				DEVELOPMENT_TEAM = 92NGUT4BRA;
				ENABLE_PREVIEWS = YES;
				GENERATE_INFOPLIST_FILE = YES;
				INFOPLIST_FILE = "HurryPizza-iOS/Info.plist";
				INFOPLIST_KEY_NSLocationWhenInUseUsageDescription = "GPS information is used for route tracking.";
				INFOPLIST_KEY_UIApplicationSceneManifest_Generation = YES;
				INFOPLIST_KEY_UIApplicationSupportsIndirectInputEvents = YES;
				INFOPLIST_KEY_UILaunchScreen_Generation = YES;
				INFOPLIST_KEY_UISupportedInterfaceOrientations_iPad = "UIInterfaceOrientationPortrait UIInterfaceOrientationPortraitUpsideDown UIInterfaceOrientationLandscapeLeft UIInterfaceOrientationLandscapeRight";
				INFOPLIST_KEY_UISupportedInterfaceOrientations_iPhone = "UIInterfaceOrientationPortrait UIInterfaceOrientationLandscapeLeft UIInterfaceOrientationLandscapeRight";
				INFOPLIST_KEY_UIUserInterfaceStyle = Light;
				LD_RUNPATH_SEARCH_PATHS = (
					"$(inherited)",
					"@executable_path/Frameworks",
				);
				MARKETING_VERSION = 1.0;
				PRODUCT_BUNDLE_IDENTIFIER = "com.byunghak.HurryPizza-iOS";
				PRODUCT_NAME = "$(TARGET_NAME)";
				SWIFT_EMIT_LOC_STRINGS = YES;
				SWIFT_VERSION = 5.0;
				TARGETED_DEVICE_FAMILY = "1,2";
			};
			name = Release;
		};
		602250E928AFE61A001C5FE6 /* Debug */ = {
			isa = XCBuildConfiguration;
			buildSettings = {
				ALWAYS_EMBED_SWIFT_STANDARD_LIBRARIES = YES;
				BUNDLE_LOADER = "$(TEST_HOST)";
				CODE_SIGN_STYLE = Automatic;
				CURRENT_PROJECT_VERSION = 1;
				DEVELOPMENT_TEAM = 92NGUT4BRA;
				GENERATE_INFOPLIST_FILE = YES;
				IPHONEOS_DEPLOYMENT_TARGET = 15.5;
				MARKETING_VERSION = 1.0;
				PRODUCT_BUNDLE_IDENTIFIER = "com.byunghak.HurryPizza-iOSTests";
				PRODUCT_NAME = "$(TARGET_NAME)";
				SWIFT_EMIT_LOC_STRINGS = NO;
				SWIFT_VERSION = 5.0;
				TARGETED_DEVICE_FAMILY = "1,2";
				TEST_HOST = "$(BUILT_PRODUCTS_DIR)/HurryPizza-iOS.app/HurryPizza-iOS";
			};
			name = Debug;
		};
		602250EA28AFE61A001C5FE6 /* Release */ = {
			isa = XCBuildConfiguration;
			buildSettings = {
				ALWAYS_EMBED_SWIFT_STANDARD_LIBRARIES = YES;
				BUNDLE_LOADER = "$(TEST_HOST)";
				CODE_SIGN_STYLE = Automatic;
				CURRENT_PROJECT_VERSION = 1;
				DEVELOPMENT_TEAM = 92NGUT4BRA;
				GENERATE_INFOPLIST_FILE = YES;
				IPHONEOS_DEPLOYMENT_TARGET = 15.5;
				MARKETING_VERSION = 1.0;
				PRODUCT_BUNDLE_IDENTIFIER = "com.byunghak.HurryPizza-iOSTests";
				PRODUCT_NAME = "$(TARGET_NAME)";
				SWIFT_EMIT_LOC_STRINGS = NO;
				SWIFT_VERSION = 5.0;
				TARGETED_DEVICE_FAMILY = "1,2";
				TEST_HOST = "$(BUILT_PRODUCTS_DIR)/HurryPizza-iOS.app/HurryPizza-iOS";
			};
			name = Release;
		};
		602250EC28AFE61A001C5FE6 /* Debug */ = {
			isa = XCBuildConfiguration;
			buildSettings = {
				ALWAYS_EMBED_SWIFT_STANDARD_LIBRARIES = YES;
				CODE_SIGN_STYLE = Automatic;
				CURRENT_PROJECT_VERSION = 1;
				DEVELOPMENT_TEAM = 92NGUT4BRA;
				GENERATE_INFOPLIST_FILE = YES;
				MARKETING_VERSION = 1.0;
				PRODUCT_BUNDLE_IDENTIFIER = "com.byunghak.HurryPizza-iOSUITests";
				PRODUCT_NAME = "$(TARGET_NAME)";
				SWIFT_EMIT_LOC_STRINGS = NO;
				SWIFT_VERSION = 5.0;
				TARGETED_DEVICE_FAMILY = "1,2";
				TEST_TARGET_NAME = "HurryPizza-iOS";
			};
			name = Debug;
		};
		602250ED28AFE61A001C5FE6 /* Release */ = {
			isa = XCBuildConfiguration;
			buildSettings = {
				ALWAYS_EMBED_SWIFT_STANDARD_LIBRARIES = YES;
				CODE_SIGN_STYLE = Automatic;
				CURRENT_PROJECT_VERSION = 1;
				DEVELOPMENT_TEAM = 92NGUT4BRA;
				GENERATE_INFOPLIST_FILE = YES;
				MARKETING_VERSION = 1.0;
				PRODUCT_BUNDLE_IDENTIFIER = "com.byunghak.HurryPizza-iOSUITests";
				PRODUCT_NAME = "$(TARGET_NAME)";
				SWIFT_EMIT_LOC_STRINGS = NO;
				SWIFT_VERSION = 5.0;
				TARGETED_DEVICE_FAMILY = "1,2";
				TEST_TARGET_NAME = "HurryPizza-iOS";
			};
			name = Release;
		};
/* End XCBuildConfiguration section */

/* Begin XCConfigurationList section */
		602250BC28AFE618001C5FE6 /* Build configuration list for PBXProject "HurryPizza-iOS" */ = {
			isa = XCConfigurationList;
			buildConfigurations = (
				602250E328AFE61A001C5FE6 /* Debug */,
				602250E428AFE61A001C5FE6 /* Release */,
			);
			defaultConfigurationIsVisible = 0;
			defaultConfigurationName = Release;
		};
		602250E528AFE61A001C5FE6 /* Build configuration list for PBXNativeTarget "HurryPizza-iOS" */ = {
			isa = XCConfigurationList;
			buildConfigurations = (
				602250E628AFE61A001C5FE6 /* Debug */,
				602250E728AFE61A001C5FE6 /* Release */,
			);
			defaultConfigurationIsVisible = 0;
			defaultConfigurationName = Release;
		};
		602250E828AFE61A001C5FE6 /* Build configuration list for PBXNativeTarget "HurryPizza-iOSTests" */ = {
			isa = XCConfigurationList;
			buildConfigurations = (
				602250E928AFE61A001C5FE6 /* Debug */,
				602250EA28AFE61A001C5FE6 /* Release */,
			);
			defaultConfigurationIsVisible = 0;
			defaultConfigurationName = Release;
		};
		602250EB28AFE61A001C5FE6 /* Build configuration list for PBXNativeTarget "HurryPizza-iOSUITests" */ = {
			isa = XCConfigurationList;
			buildConfigurations = (
				602250EC28AFE61A001C5FE6 /* Debug */,
				602250ED28AFE61A001C5FE6 /* Release */,
			);
			defaultConfigurationIsVisible = 0;
			defaultConfigurationName = Release;
		};
/* End XCConfigurationList section */

/* Begin XCRemoteSwiftPackageReference section */
		602250EF28AFF106001C5FE6 /* XCRemoteSwiftPackageReference "Alamofire" */ = {
			isa = XCRemoteSwiftPackageReference;
			repositoryURL = "https://github.com/Alamofire/Alamofire";
			requirement = {
				kind = upToNextMajorVersion;
				minimumVersion = 5.0.0;
			};
		};
		6031A63C28B0AEDA0043104C /* XCRemoteSwiftPackageReference "SwiftKeychainWrapper" */ = {
			isa = XCRemoteSwiftPackageReference;
			repositoryURL = "https://github.com/jrendel/SwiftKeychainWrapper";
			requirement = {
				branch = develop;
				kind = branch;
			};
		};
/* End XCRemoteSwiftPackageReference section */

/* Begin XCSwiftPackageProductDependency section */
		602250F028AFF106001C5FE6 /* Alamofire */ = {
			isa = XCSwiftPackageProductDependency;
			package = 602250EF28AFF106001C5FE6 /* XCRemoteSwiftPackageReference "Alamofire" */;
			productName = Alamofire;
		};
		6031A63D28B0AEDA0043104C /* SwiftKeychainWrapper */ = {
			isa = XCSwiftPackageProductDependency;
			package = 6031A63C28B0AEDA0043104C /* XCRemoteSwiftPackageReference "SwiftKeychainWrapper" */;
			productName = SwiftKeychainWrapper;
		};
/* End XCSwiftPackageProductDependency section */
	};
	rootObject = 602250B928AFE618001C5FE6 /* Project object */;
}
